
Microsoft Visual Studio Solution File, Format Version 12.00
# Visual Studio Version 17
VisualStudioVersion = 17.0.31919.166
MinimumVisualStudioVersion = 10.0.40219.1
Project("{FAE04EC0-301F-11D3-BF4B-00C04F79EFBC}") = "ConnectMe", "ConnectMe.csproj", "{10F931C3-617A-441B-9906-AB23D6EBD21E}"
EndProject
Project("{840C416C-B8F3-42BC-B0DD-F6BB14C9F8CB}") = "ConnectMe Install", "..\ConnectMe Install\ConnectMe Install.aiproj", "{C6C479F9-3650-4567-9EC2-DF23ACA474AE}"
EndProject
Global
	GlobalSection(SolutionConfigurationPlatforms) = preSolution
		All|Any CPU = All|Any CPU
		Debug|Any CPU = Debug|Any CPU
		Release|Any CPU = Release|Any CPU
	EndGlobalSection
	GlobalSection(ProjectConfigurationPlatforms) = postSolution
		{10F931C3-617A-441B-9906-AB23D6EBD21E}.All|Any CPU.ActiveCfg = Debug|Any CPU
		{10F931C3-617A-441B-9906-AB23D6EBD21E}.All|Any CPU.Build.0 = Debug|Any CPU
		{10F931C3-617A-441B-9906-AB23D6EBD21E}.Debug|Any CPU.ActiveCfg = Release|Any CPU
		{10F931C3-617A-441B-9906-AB23D6EBD21E}.Debug|Any CPU.Build.0 = Release|Any CPU
		{10F931C3-617A-441B-9906-AB23D6EBD21E}.Release|Any CPU.ActiveCfg = Release|Any CPU
		{10F931C3-617A-441B-9906-AB23D6EBD21E}.Release|Any CPU.Build.0 = Release|Any CPU
		{C6C479F9-3650-4567-9EC2-DF23ACA474AE}.All|Any CPU.ActiveCfg = DefaultBuild
		{C6C479F9-3650-4567-9EC2-DF23ACA474AE}.All|Any CPU.Build.0 = DefaultBuild
		{C6C479F9-3650-4567-9EC2-DF23ACA474AE}.Debug|Any CPU.ActiveCfg = DefaultBuild
		{C6C479F9-3650-4567-9EC2-DF23ACA474AE}.Debug|Any CPU.Build.0 = DefaultBuild
		{C6C479F9-3650-4567-9EC2-DF23ACA474AE}.Release|Any CPU.ActiveCfg = DefaultBuild
		{C6C479F9-3650-4567-9EC2-DF23ACA474AE}.Release|Any CPU.Build.0 = DefaultBuild
	EndGlobalSection
	GlobalSection(SolutionProperties) = preSolution
		HideSolutionNode = FALSE
	EndGlobalSection
	GlobalSection(ExtensibilityGlobals) = postSolution
		SolutionGuid = {4A1D4706-2AA9-4646-AB27-EEC686C59337}
	EndGlobalSection
EndGlobal
